// !$*UTF8*$!
{
	archiveVersion = 1;
	classes = {
	};
	objectVersion = 46;
	objects = {

/* Begin PBXBuildFile section */
		E4794FFB1D2A2747001F0EAE /* AfnetworkViewController.m in Sources */ = {isa = PBXBuildFile; fileRef = E4794FFA1D2A2747001F0EAE /* AfnetworkViewController.m */; };
		E4794FFE1D2A2782001F0EAE /* BasicNetworkViewController.m in Sources */ = {isa = PBXBuildFile; fileRef = E4794FFD1D2A2782001F0EAE /* BasicNetworkViewController.m */; };
		E47950141D2B5AA3001F0EAE /* AFAutoPurgingImageCache.m in Sources */ = {isa = PBXBuildFile; fileRef = E47950011D2B5AA3001F0EAE /* AFAutoPurgingImageCache.m */; };
		E47950151D2B5AA3001F0EAE /* AFImageDownloader.m in Sources */ = {isa = PBXBuildFile; fileRef = E47950031D2B5AA3001F0EAE /* AFImageDownloader.m */; };
		E47950161D2B5AA3001F0EAE /* AFNetworkActivityIndicatorManager.m in Sources */ = {isa = PBXBuildFile; fileRef = E47950051D2B5AA3001F0EAE /* AFNetworkActivityIndicatorManager.m */; };
		E47950171D2B5AA3001F0EAE /* UIActivityIndicatorView+AFNetworking.m in Sources */ = {isa = PBXBuildFile; fileRef = E47950071D2B5AA3001F0EAE /* UIActivityIndicatorView+AFNetworking.m */; };
		E47950181D2B5AA3001F0EAE /* UIButton+AFNetworking.m in Sources */ = {isa = PBXBuildFile; fileRef = E47950091D2B5AA3001F0EAE /* UIButton+AFNetworking.m */; };
		E47950191D2B5AA3001F0EAE /* UIImageView+AFNetworking.m in Sources */ = {isa = PBXBuildFile; fileRef = E479500C1D2B5AA3001F0EAE /* UIImageView+AFNetworking.m */; };
		E479501A1D2B5AA3001F0EAE /* UIProgressView+AFNetworking.m in Sources */ = {isa = PBXBuildFile; fileRef = E479500F1D2B5AA3001F0EAE /* UIProgressView+AFNetworking.m */; };
		E479501B1D2B5AA3001F0EAE /* UIRefreshControl+AFNetworking.m in Sources */ = {isa = PBXBuildFile; fileRef = E47950111D2B5AA3001F0EAE /* UIRefreshControl+AFNetworking.m */; };
		E479501C1D2B5AA3001F0EAE /* UIWebView+AFNetworking.m in Sources */ = {isa = PBXBuildFile; fileRef = E47950131D2B5AA3001F0EAE /* UIWebView+AFNetworking.m */; };
		E479501E1D2B5EEB001F0EAE /* beauty.jpg in Resources */ = {isa = PBXBuildFile; fileRef = E479501D1D2B5EEB001F0EAE /* beauty.jpg */; };
		E47A6D5C1D25FF8A008A8ACB /* main.m in Sources */ = {isa = PBXBuildFile; fileRef = E47A6D5B1D25FF8A008A8ACB /* main.m */; };
		E47A6D5F1D25FF8A008A8ACB /* AppDelegate.m in Sources */ = {isa = PBXBuildFile; fileRef = E47A6D5E1D25FF8A008A8ACB /* AppDelegate.m */; };
		E47A6D621D25FF8A008A8ACB /* ViewController.m in Sources */ = {isa = PBXBuildFile; fileRef = E47A6D611D25FF8A008A8ACB /* ViewController.m */; };
		E47A6D671D25FF8A008A8ACB /* Assets.xcassets in Resources */ = {isa = PBXBuildFile; fileRef = E47A6D661D25FF8A008A8ACB /* Assets.xcassets */; };
		E47A6DA71D264332008A8ACB /* AFHTTPSessionManager.m in Sources */ = {isa = PBXBuildFile; fileRef = E47A6D9B1D264332008A8ACB /* AFHTTPSessionManager.m */; };
		E47A6DA81D264332008A8ACB /* AFNetworkReachabilityManager.m in Sources */ = {isa = PBXBuildFile; fileRef = E47A6D9E1D264332008A8ACB /* AFNetworkReachabilityManager.m */; };
		E47A6DA91D264332008A8ACB /* AFSecurityPolicy.m in Sources */ = {isa = PBXBuildFile; fileRef = E47A6DA01D264332008A8ACB /* AFSecurityPolicy.m */; };
		E47A6DAA1D264332008A8ACB /* AFURLRequestSerialization.m in Sources */ = {isa = PBXBuildFile; fileRef = E47A6DA21D264332008A8ACB /* AFURLRequestSerialization.m */; };
		E47A6DAB1D264332008A8ACB /* AFURLResponseSerialization.m in Sources */ = {isa = PBXBuildFile; fileRef = E47A6DA41D264332008A8ACB /* AFURLResponseSerialization.m */; };
		E47A6DAC1D264332008A8ACB /* AFURLSessionManager.m in Sources */ = {isa = PBXBuildFile; fileRef = E47A6DA61D264332008A8ACB /* AFURLSessionManager.m */; };
/* End PBXBuildFile section */

/* Begin PBXFileReference section */
		E4794FF91D2A2747001F0EAE /* AfnetworkViewController.h */ = {isa = PBXFileReference; fileEncoding = 4; lastKnownFileType = sourcecode.c.h; path = AfnetworkViewController.h; sourceTree = "<group>"; };
		E4794FFA1D2A2747001F0EAE /* AfnetworkViewController.m */ = {isa = PBXFileReference; fileEncoding = 4; lastKnownFileType = sourcecode.c.objc; path = AfnetworkViewController.m; sourceTree = "<group>"; };
		E4794FFC1D2A2782001F0EAE /* BasicNetworkViewController.h */ = {isa = PBXFileReference; fileEncoding = 4; lastKnownFileType = sourcecode.c.h; path = BasicNetworkViewController.h; sourceTree = "<group>"; };
		E4794FFD1D2A2782001F0EAE /* BasicNetworkViewController.m */ = {isa = PBXFileReference; fileEncoding = 4; lastKnownFileType = sourcecode.c.objc; path = BasicNetworkViewController.m; sourceTree = "<group>"; };
		E47950001D2B5AA3001F0EAE /* AFAutoPurgingImageCache.h */ = {isa = PBXFileReference; fileEncoding = 4; lastKnownFileType = sourcecode.c.h; path = AFAutoPurgingImageCache.h; sourceTree = "<group>"; };
		E47950011D2B5AA3001F0EAE /* AFAutoPurgingImageCache.m */ = {isa = PBXFileReference; fileEncoding = 4; lastKnownFileType = sourcecode.c.objc; path = AFAutoPurgingImageCache.m; sourceTree = "<group>"; };
		E47950021D2B5AA3001F0EAE /* AFImageDownloader.h */ = {isa = PBXFileReference; fileEncoding = 4; lastKnownFileType = sourcecode.c.h; path = AFImageDownloader.h; sourceTree = "<group>"; };
		E47950031D2B5AA3001F0EAE /* AFImageDownloader.m */ = {isa = PBXFileReference; fileEncoding = 4; lastKnownFileType = sourcecode.c.objc; path = AFImageDownloader.m; sourceTree = "<group>"; };
		E47950041D2B5AA3001F0EAE /* AFNetworkActivityIndicatorManager.h */ = {isa = PBXFileReference; fileEncoding = 4; lastKnownFileType = sourcecode.c.h; path = AFNetworkActivityIndicatorManager.h; sourceTree = "<group>"; };
		E47950051D2B5AA3001F0EAE /* AFNetworkActivityIndicatorManager.m */ = {isa = PBXFileReference; fileEncoding = 4; lastKnownFileType = sourcecode.c.objc; path = AFNetworkActivityIndicatorManager.m; sourceTree = "<group>"; };
		E47950061D2B5AA3001F0EAE /* UIActivityIndicatorView+AFNetworking.h */ = {isa = PBXFileReference; fileEncoding = 4; lastKnownFileType = sourcecode.c.h; path = "UIActivityIndicatorView+AFNetworking.h"; sourceTree = "<group>"; };
		E47950071D2B5AA3001F0EAE /* UIActivityIndicatorView+AFNetworking.m */ = {isa = PBXFileReference; fileEncoding = 4; lastKnownFileType = sourcecode.c.objc; path = "UIActivityIndicatorView+AFNetworking.m"; sourceTree = "<group>"; };
		E47950081D2B5AA3001F0EAE /* UIButton+AFNetworking.h */ = {isa = PBXFileReference; fileEncoding = 4; lastKnownFileType = sourcecode.c.h; path = "UIButton+AFNetworking.h"; sourceTree = "<group>"; };
		E47950091D2B5AA3001F0EAE /* UIButton+AFNetworking.m */ = {isa = PBXFileReference; fileEncoding = 4; lastKnownFileType = sourcecode.c.objc; path = "UIButton+AFNetworking.m"; sourceTree = "<group>"; };
		E479500A1D2B5AA3001F0EAE /* UIImage+AFNetworking.h */ = {isa = PBXFileReference; fileEncoding = 4; lastKnownFileType = sourcecode.c.h; path = "UIImage+AFNetworking.h"; sourceTree = "<group>"; };
		E479500B1D2B5AA3001F0EAE /* UIImageView+AFNetworking.h */ = {isa = PBXFileReference; fileEncoding = 4; lastKnownFileType = sourcecode.c.h; path = "UIImageView+AFNetworking.h"; sourceTree = "<group>"; };
		E479500C1D2B5AA3001F0EAE /* UIImageView+AFNetworking.m */ = {isa = PBXFileReference; fileEncoding = 4; lastKnownFileType = sourcecode.c.objc; path = "UIImageView+AFNetworking.m"; sourceTree = "<group>"; };
		E479500D1D2B5AA3001F0EAE /* UIKit+AFNetworking.h */ = {isa = PBXFileReference; fileEncoding = 4; lastKnownFileType = sourcecode.c.h; path = "UIKit+AFNetworking.h"; sourceTree = "<group>"; };
		E479500E1D2B5AA3001F0EAE /* UIProgressView+AFNetworking.h */ = {isa = PBXFileReference; fileEncoding = 4; lastKnownFileType = sourcecode.c.h; path = "UIProgressView+AFNetworking.h"; sourceTree = "<group>"; };
		E479500F1D2B5AA3001F0EAE /* UIProgressView+AFNetworking.m */ = {isa = PBXFileReference; fileEncoding = 4; lastKnownFileType = sourcecode.c.objc; path = "UIProgressView+AFNetworking.m"; sourceTree = "<group>"; };
		E47950101D2B5AA3001F0EAE /* UIRefreshControl+AFNetworking.h */ = {isa = PBXFileReference; fileEncoding = 4; lastKnownFileType = sourcecode.c.h; path = "UIRefreshControl+AFNetworking.h"; sourceTree = "<group>"; };
		E47950111D2B5AA3001F0EAE /* UIRefreshControl+AFNetworking.m */ = {isa = PBXFileReference; fileEncoding = 4; lastKnownFileType = sourcecode.c.objc; path = "UIRefreshControl+AFNetworking.m"; sourceTree = "<group>"; };
		E47950121D2B5AA3001F0EAE /* UIWebView+AFNetworking.h */ = {isa = PBXFileReference; fileEncoding = 4; lastKnownFileType = sourcecode.c.h; path = "UIWebView+AFNetworking.h"; sourceTree = "<group>"; };
		E47950131D2B5AA3001F0EAE /* UIWebView+AFNetworking.m */ = {isa = PBXFileReference; fileEncoding = 4; lastKnownFileType = sourcecode.c.objc; path = "UIWebView+AFNetworking.m"; sourceTree = "<group>"; };
		E479501D1D2B5EEB001F0EAE /* beauty.jpg */ = {isa = PBXFileReference; lastKnownFileType = image.jpeg; path = beauty.jpg; sourceTree = "<group>"; };
		E47A6D571D25FF8A008A8ACB /* NetWorkTest.app */ = {isa = PBXFileReference; explicitFileType = wrapper.application; includeInIndex = 0; path = NetWorkTest.app; sourceTree = BUILT_PRODUCTS_DIR; };
		E47A6D5B1D25FF8A008A8ACB /* main.m */ = {isa = PBXFileReference; lastKnownFileType = sourcecode.c.objc; path = main.m; sourceTree = "<group>"; };
		E47A6D5D1D25FF8A008A8ACB /* AppDelegate.h */ = {isa = PBXFileReference; lastKnownFileType = sourcecode.c.h; path = AppDelegate.h; sourceTree = "<group>"; };
		E47A6D5E1D25FF8A008A8ACB /* AppDelegate.m */ = {isa = PBXFileReference; lastKnownFileType = sourcecode.c.objc; path = AppDelegate.m; sourceTree = "<group>"; };
		E47A6D601D25FF8A008A8ACB /* ViewController.h */ = {isa = PBXFileReference; lastKnownFileType = sourcecode.c.h; path = ViewController.h; sourceTree = "<group>"; };
		E47A6D611D25FF8A008A8ACB /* ViewController.m */ = {isa = PBXFileReference; lastKnownFileType = sourcecode.c.objc; path = ViewController.m; sourceTree = "<group>"; };
		E47A6D661D25FF8A008A8ACB /* Assets.xcassets */ = {isa = PBXFileReference; lastKnownFileType = folder.assetcatalog; path = Assets.xcassets; sourceTree = "<group>"; };
		E47A6D6B1D25FF8A008A8ACB /* Info.plist */ = {isa = PBXFileReference; lastKnownFileType = text.plist.xml; path = Info.plist; sourceTree = "<group>"; };
		E47A6D9A1D264332008A8ACB /* AFHTTPSessionManager.h */ = {isa = PBXFileReference; fileEncoding = 4; lastKnownFileType = sourcecode.c.h; path = AFHTTPSessionManager.h; sourceTree = "<group>"; };
		E47A6D9B1D264332008A8ACB /* AFHTTPSessionManager.m */ = {isa = PBXFileReference; fileEncoding = 4; lastKnownFileType = sourcecode.c.objc; path = AFHTTPSessionManager.m; sourceTree = "<group>"; };
		E47A6D9C1D264332008A8ACB /* AFNetworking.h */ = {isa = PBXFileReference; fileEncoding = 4; lastKnownFileType = sourcecode.c.h; path = AFNetworking.h; sourceTree = "<group>"; };
		E47A6D9D1D264332008A8ACB /* AFNetworkReachabilityManager.h */ = {isa = PBXFileReference; fileEncoding = 4; lastKnownFileType = sourcecode.c.h; path = AFNetworkReachabilityManager.h; sourceTree = "<group>"; };
		E47A6D9E1D264332008A8ACB /* AFNetworkReachabilityManager.m */ = {isa = PBXFileReference; fileEncoding = 4; lastKnownFileType = sourcecode.c.objc; path = AFNetworkReachabilityManager.m; sourceTree = "<group>"; };
		E47A6D9F1D264332008A8ACB /* AFSecurityPolicy.h */ = {isa = PBXFileReference; fileEncoding = 4; lastKnownFileType = sourcecode.c.h; path = AFSecurityPolicy.h; sourceTree = "<group>"; };
		E47A6DA01D264332008A8ACB /* AFSecurityPolicy.m */ = {isa = PBXFileReference; fileEncoding = 4; lastKnownFileType = sourcecode.c.objc; path = AFSecurityPolicy.m; sourceTree = "<group>"; };
		E47A6DA11D264332008A8ACB /* AFURLRequestSerialization.h */ = {isa = PBXFileReference; fileEncoding = 4; lastKnownFileType = sourcecode.c.h; path = AFURLRequestSerialization.h; sourceTree = "<group>"; };
		E47A6DA21D264332008A8ACB /* AFURLRequestSerialization.m */ = {isa = PBXFileReference; fileEncoding = 4; lastKnownFileType = sourcecode.c.objc; path = AFURLRequestSerialization.m; sourceTree = "<group>"; };
		E47A6DA31D264332008A8ACB /* AFURLResponseSerialization.h */ = {isa = PBXFileReference; fileEncoding = 4; lastKnownFileType = sourcecode.c.h; path = AFURLResponseSerialization.h; sourceTree = "<group>"; };
		E47A6DA41D264332008A8ACB /* AFURLResponseSerialization.m */ = {isa = PBXFileReference; fileEncoding = 4; lastKnownFileType = sourcecode.c.objc; path = AFURLResponseSerialization.m; sourceTree = "<group>"; };
		E47A6DA51D264332008A8ACB /* AFURLSessionManager.h */ = {isa = PBXFileReference; fileEncoding = 4; lastKnownFileType = sourcecode.c.h; path = AFURLSessionManager.h; sourceTree = "<group>"; };
		E47A6DA61D264332008A8ACB /* AFURLSessionManager.m */ = {isa = PBXFileReference; fileEncoding = 4; lastKnownFileType = sourcecode.c.objc; path = AFURLSessionManager.m; sourceTree = "<group>"; };
/* End PBXFileReference section */

/* Begin PBXFrameworksBuildPhase section */
		E47A6D541D25FF8A008A8ACB /* Frameworks */ = {
			isa = PBXFrameworksBuildPhase;
			buildActionMask = 2147483647;
			files = (
			);
			runOnlyForDeploymentPostprocessing = 0;
		};
/* End PBXFrameworksBuildPhase section */

/* Begin PBXGroup section */
		E4794FFF1D2B5AA3001F0EAE /* UIKit+AFNetworking */ = {
			isa = PBXGroup;
			children = (
				E47950001D2B5AA3001F0EAE /* AFAutoPurgingImageCache.h */,
				E47950011D2B5AA3001F0EAE /* AFAutoPurgingImageCache.m */,
				E47950021D2B5AA3001F0EAE /* AFImageDownloader.h */,
				E47950031D2B5AA3001F0EAE /* AFImageDownloader.m */,
				E47950041D2B5AA3001F0EAE /* AFNetworkActivityIndicatorManager.h */,
				E47950051D2B5AA3001F0EAE /* AFNetworkActivityIndicatorManager.m */,
				E47950061D2B5AA3001F0EAE /* UIActivityIndicatorView+AFNetworking.h */,
				E47950071D2B5AA3001F0EAE /* UIActivityIndicatorView+AFNetworking.m */,
				E47950081D2B5AA3001F0EAE /* UIButton+AFNetworking.h */,
				E47950091D2B5AA3001F0EAE /* UIButton+AFNetworking.m */,
				E479500A1D2B5AA3001F0EAE /* UIImage+AFNetworking.h */,
				E479500B1D2B5AA3001F0EAE /* UIImageView+AFNetworking.h */,
				E479500C1D2B5AA3001F0EAE /* UIImageView+AFNetworking.m */,
				E479500D1D2B5AA3001F0EAE /* UIKit+AFNetworking.h */,
				E479500E1D2B5AA3001F0EAE /* UIProgressView+AFNetworking.h */,
				E479500F1D2B5AA3001F0EAE /* UIProgressView+AFNetworking.m */,
				E47950101D2B5AA3001F0EAE /* UIRefreshControl+AFNetworking.h */,
				E47950111D2B5AA3001F0EAE /* UIRefreshControl+AFNetworking.m */,
				E47950121D2B5AA3001F0EAE /* UIWebView+AFNetworking.h */,
				E47950131D2B5AA3001F0EAE /* UIWebView+AFNetworking.m */,
			);
			name = "UIKit+AFNetworking";
			path = "../UIKit+AFNetworking";
			sourceTree = "<group>";
		};
		E47A6D4E1D25FF8A008A8ACB = {
			isa = PBXGroup;
			children = (
				E47A6D991D264332008A8ACB /* AFNetworking */,
				E47A6D591D25FF8A008A8ACB /* NetWorkTest */,
				E47A6D581D25FF8A008A8ACB /* Products */,
			);
			sourceTree = "<group>";
		};
		E47A6D581D25FF8A008A8ACB /* Products */ = {
			isa = PBXGroup;
			children = (
				E47A6D571D25FF8A008A8ACB /* NetWorkTest.app */,
			);
			name = Products;
			sourceTree = "<group>";
		};
		E47A6D591D25FF8A008A8ACB /* NetWorkTest */ = {
			isa = PBXGroup;
			children = (
				E47A6D5D1D25FF8A008A8ACB /* AppDelegate.h */,
				E47A6D5E1D25FF8A008A8ACB /* AppDelegate.m */,
				E47A6D601D25FF8A008A8ACB /* ViewController.h */,
				E47A6D611D25FF8A008A8ACB /* ViewController.m */,
				E4794FF91D2A2747001F0EAE /* AfnetworkViewController.h */,
				E4794FFA1D2A2747001F0EAE /* AfnetworkViewController.m */,
				E4794FFC1D2A2782001F0EAE /* BasicNetworkViewController.h */,
				E4794FFD1D2A2782001F0EAE /* BasicNetworkViewController.m */,
				E47A6D661D25FF8A008A8ACB /* Assets.xcassets */,
				E47A6D6B1D25FF8A008A8ACB /* Info.plist */,
				E47A6D5A1D25FF8A008A8ACB /* Supporting Files */,
			);
			path = NetWorkTest;
			sourceTree = "<group>";
		};
		E47A6D5A1D25FF8A008A8ACB /* Supporting Files */ = {
			isa = PBXGroup;
			children = (
				E479501D1D2B5EEB001F0EAE /* beauty.jpg */,
				E47A6D5B1D25FF8A008A8ACB /* main.m */,
			);
			name = "Supporting Files";
			sourceTree = "<group>";
		};
		E47A6D991D264332008A8ACB /* AFNetworking */ = {
			isa = PBXGroup;
			children = (
				E4794FFF1D2B5AA3001F0EAE /* UIKit+AFNetworking */,
				E47A6D9A1D264332008A8ACB /* AFHTTPSessionManager.h */,
				E47A6D9B1D264332008A8ACB /* AFHTTPSessionManager.m */,
				E47A6D9C1D264332008A8ACB /* AFNetworking.h */,
				E47A6D9D1D264332008A8ACB /* AFNetworkReachabilityManager.h */,
				E47A6D9E1D264332008A8ACB /* AFNetworkReachabilityManager.m */,
				E47A6D9F1D264332008A8ACB /* AFSecurityPolicy.h */,
				E47A6DA01D264332008A8ACB /* AFSecurityPolicy.m */,
				E47A6DA11D264332008A8ACB /* AFURLRequestSerialization.h */,
				E47A6DA21D264332008A8ACB /* AFURLRequestSerialization.m */,
				E47A6DA31D264332008A8ACB /* AFURLResponseSerialization.h */,
				E47A6DA41D264332008A8ACB /* AFURLResponseSerialization.m */,
				E47A6DA51D264332008A8ACB /* AFURLSessionManager.h */,
				E47A6DA61D264332008A8ACB /* AFURLSessionManager.m */,
			);
			path = AFNetworking;
			sourceTree = "<group>";
		};
/* End PBXGroup section */

/* Begin PBXNativeTarget section */
		E47A6D561D25FF8A008A8ACB /* NetWorkTest */ = {
			isa = PBXNativeTarget;
			buildConfigurationList = E47A6D6E1D25FF8A008A8ACB /* Build configuration list for PBXNativeTarget "NetWorkTest" */;
			buildPhases = (
				E47A6D531D25FF8A008A8ACB /* Sources */,
				E47A6D541D25FF8A008A8ACB /* Frameworks */,
				E47A6D551D25FF8A008A8ACB /* Resources */,
			);
			buildRules = (
			);
			dependencies = (
			);
			name = NetWorkTest;
			productName = NetWorkTest;
			productReference = E47A6D571D25FF8A008A8ACB /* NetWorkTest.app */;
			productType = "com.apple.product-type.application";
		};
/* End PBXNativeTarget section */

/* Begin PBXProject section */
		E47A6D4F1D25FF8A008A8ACB /* Project object */ = {
			isa = PBXProject;
			attributes = {
				LastUpgradeCheck = 0730;
				ORGANIZATIONNAME = yxhe;
				TargetAttributes = {
					E47A6D561D25FF8A008A8ACB = {
						CreatedOnToolsVersion = 7.3;
					};
				};
			};
			buildConfigurationList = E47A6D521D25FF8A008A8ACB /* Build configuration list for PBXProject "NetWorkTest" */;
			compatibilityVersion = "Xcode 3.2";
			developmentRegion = English;
			hasScannedForEncodings = 0;
			knownRegions = (
				en,
				Base,
			);
			mainGroup = E47A6D4E1D25FF8A008A8ACB;
			productRefGroup = E47A6D581D25FF8A008A8ACB /* Products */;
			projectDirPath = "";
			projectRoot = "";
			targets = (
				E47A6D561D25FF8A008A8ACB /* NetWorkTest */,
			);
		};
/* End PBXProject section */

/* Begin PBXResourcesBuildPhase section */
		E47A6D551D25FF8A008A8ACB /* Resources */ = {
			isa = PBXResourcesBuildPhase;
			buildActionMask = 2147483647;
			files = (
				E47A6D671D25FF8A008A8ACB /* Assets.xcassets in Resources */,
				E479501E1D2B5EEB001F0EAE /* beauty.jpg in Resources */,
			);
			runOnlyForDeploymentPostprocessing = 0;
		};
/* End PBXResourcesBuildPhase section */

/* Begin PBXSourcesBuildPhase section */
		E47A6D531D25FF8A008A8ACB /* Sources */ = {
			isa = PBXSourcesBuildPhase;
			buildActionMask = 2147483647;
			files = (
				E47A6DAC1D264332008A8ACB /* AFURLSessionManager.m in Sources */,
				E47950191D2B5AA3001F0EAE /* UIImageView+AFNetworking.m in Sources */,
				E47A6D621D25FF8A008A8ACB /* ViewController.m in Sources */,
				E47A6D5F1D25FF8A008A8ACB /* AppDelegate.m in Sources */,
				E479501A1D2B5AA3001F0EAE /* UIProgressView+AFNetworking.m in Sources */,
				E47950151D2B5AA3001F0EAE /* AFImageDownloader.m in Sources */,
				E47950141D2B5AA3001F0EAE /* AFAutoPurgingImageCache.m in Sources */,
				E4794FFB1D2A2747001F0EAE /* AfnetworkViewController.m in Sources */,
				E47950181D2B5AA3001F0EAE /* UIButton+AFNetworking.m in Sources */,
				E47950171D2B5AA3001F0EAE /* UIActivityIndicatorView+AFNetworking.m in Sources */,
				E47A6DA81D264332008A8ACB /* AFNetworkReachabilityManager.m in Sources */,
				E479501B1D2B5AA3001F0EAE /* UIRefreshControl+AFNetworking.m in Sources */,
				E479501C1D2B5AA3001F0EAE /* UIWebView+AFNetworking.m in Sources */,
				E47A6D5C1D25FF8A008A8ACB /* main.m in Sources */,
				E47A6DA91D264332008A8ACB /* AFSecurityPolicy.m in Sources */,
				E47A6DAA1D264332008A8ACB /* AFURLRequestSerialization.m in Sources */,
				E47A6DAB1D264332008A8ACB /* AFURLResponseSerialization.m in Sources */,
				E47A6DA71D264332008A8ACB /* AFHTTPSessionManager.m in Sources */,
				E47950161D2B5AA3001F0EAE /* AFNetworkActivityIndicatorManager.m in Sources */,
				E4794FFE1D2A2782001F0EAE /* BasicNetworkViewController.m in Sources */,
			);
			runOnlyForDeploymentPostprocessing = 0;
		};
/* End PBXSourcesBuildPhase section */

/* Begin XCBuildConfiguration section */
		E47A6D6C1D25FF8A008A8ACB /* Debug */ = {
			isa = XCBuildConfiguration;
			buildSettings = {
				ALWAYS_SEARCH_USER_PATHS = NO;
				CLANG_ANALYZER_NONNULL = YES;
				CLANG_CXX_LANGUAGE_STANDARD = "gnu++0x";
				CLANG_CXX_LIBRARY = "libc++";
				CLANG_ENABLE_MODULES = YES;
				CLANG_ENABLE_OBJC_ARC = YES;
				CLANG_WARN_BOOL_CONVERSION = YES;
				CLANG_WARN_CONSTANT_CONVERSION = YES;
				CLANG_WARN_DIRECT_OBJC_ISA_USAGE = YES_ERROR;
				CLANG_WARN_EMPTY_BODY = YES;
				CLANG_WARN_ENUM_CONVERSION = YES;
				CLANG_WARN_INT_CONVERSION = YES;
				CLANG_WARN_OBJC_ROOT_CLASS = YES_ERROR;
				CLANG_WARN_UNREACHABLE_CODE = YES;
				CLANG_WARN__DUPLICATE_METHOD_MATCH = YES;
				"CODE_SIGN_IDENTITY[sdk=iphoneos*]" = "iPhone Developer";
				COPY_PHASE_STRIP = NO;
				DEBUG_INFORMATION_FORMAT = dwarf;
				ENABLE_STRICT_OBJC_MSGSEND = YES;
				ENABLE_TESTABILITY = YES;
				GCC_C_LANGUAGE_STANDARD = gnu99;
				GCC_DYNAMIC_NO_PIC = NO;
				GCC_NO_COMMON_BLOCKS = YES;
				GCC_OPTIMIZATION_LEVEL = 0;
				GCC_PREPROCESSOR_DEFINITIONS = (
					"DEBUG=1",
					"$(inherited)",
				);
				GCC_WARN_64_TO_32_BIT_CONVERSION = YES;
				GCC_WARN_ABOUT_RETURN_TYPE = YES_ERROR;
				GCC_WARN_UNDECLARED_SELECTOR = YES;
				GCC_WARN_UNINITIALIZED_AUTOS = YES_AGGRESSIVE;
				GCC_WARN_UNUSED_FUNCTION = YES;
				GCC_WARN_UNUSED_VARIABLE = YES;
				IPHONEOS_DEPLOYMENT_TARGET = 9.3;
				MTL_ENABLE_DEBUG_INFO = YES;
				ONLY_ACTIVE_ARCH = YES;
				SDKROOT = iphoneos;
				TARGETED_DEVICE_FAMILY = "1,2";
			};
			name = Debug;
		};
		E47A6D6D1D25FF8A008A8ACB /* Release */ = {
			isa = XCBuildConfiguration;
			buildSettings = {
				ALWAYS_SEARCH_USER_PATHS = NO;
				CLANG_ANALYZER_NONNULL = YES;
				CLANG_CXX_LANGUAGE_STANDARD = "gnu++0x";
				CLANG_CXX_LIBRARY = "libc++";
				CLANG_ENABLE_MODULES = YES;
				CLANG_ENABLE_OBJC_ARC = YES;
				CLANG_WARN_BOOL_CONVERSION = YES;
				CLANG_WARN_CONSTANT_CONVERSION = YES;
				CLANG_WARN_DIRECT_OBJC_ISA_USAGE = YES_ERROR;
				CLANG_WARN_EMPTY_BODY = YES;
				CLANG_WARN_ENUM_CONVERSION = YES;
				CLANG_WARN_INT_CONVERSION = YES;
				CLANG_WARN_OBJC_ROOT_CLASS = YES_ERROR;
				CLANG_WARN_UNREACHABLE_CODE = YES;
				CLANG_WARN__DUPLICATE_METHOD_MATCH = YES;
				"CODE_SIGN_IDENTITY[sdk=iphoneos*]" = "iPhone Developer";
				COPY_PHASE_STRIP = NO;
				DEBUG_INFORMATION_FORMAT = "dwarf-with-dsym";
				ENABLE_NS_ASSERTIONS = NO;
				ENABLE_STRICT_OBJC_MSGSEND = YES;
				GCC_C_LANGUAGE_STANDARD = gnu99;
				GCC_NO_COMMON_BLOCKS = YES;
				GCC_WARN_64_TO_32_BIT_CONVERSION = YES;
				GCC_WARN_ABOUT_RETURN_TYPE = YES_ERROR;
				GCC_WARN_UNDECLARED_SELECTOR = YES;
				GCC_WARN_UNINITIALIZED_AUTOS = YES_AGGRESSIVE;
				GCC_WARN_UNUSED_FUNCTION = YES;
				GCC_WARN_UNUSED_VARIABLE = YES;
				IPHONEOS_DEPLOYMENT_TARGET = 9.3;
				MTL_ENABLE_DEBUG_INFO = NO;
				SDKROOT = iphoneos;
				TARGETED_DEVICE_FAMILY = "1,2";
				VALIDATE_PRODUCT = YES;
			};
			name = Release;
		};
		E47A6D6F1D25FF8A008A8ACB /* Debug */ = {
			isa = XCBuildConfiguration;
			buildSettings = {
				ASSETCATALOG_COMPILER_APPICON_NAME = AppIcon;
				INFOPLIST_FILE = NetWorkTest/Info.plist;
				IPHONEOS_DEPLOYMENT_TARGET = 7.0;
				LD_RUNPATH_SEARCH_PATHS = "$(inherited) @executable_path/Frameworks";
				PRODUCT_BUNDLE_IDENTIFIER = com.tashaxing.NetWorkTest;
				PRODUCT_NAME = "$(TARGET_NAME)";
			};
			name = Debug;
		};
		E47A6D701D25FF8A008A8ACB /* Release */ = {
			isa = XCBuildConfiguration;
			buildSettings = {
				ASSETCATALOG_COMPILER_APPICON_NAME = AppIcon;
				INFOPLIST_FILE = NetWorkTest/Info.plist;
				IPHONEOS_DEPLOYMENT_TARGET = 7.0;
				LD_RUNPATH_SEARCH_PATHS = "$(inherited) @executable_path/Frameworks";
				PRODUCT_BUNDLE_IDENTIFIER = com.tashaxing.NetWorkTest;
				PRODUCT_NAME = "$(TARGET_NAME)";
			};
			name = Release;
		};
/* End XCBuildConfiguration section */

/* Begin XCConfigurationList section */
		E47A6D521D25FF8A008A8ACB /* Build configuration list for PBXProject "NetWorkTest" */ = {
			isa = XCConfigurationList;
			buildConfigurations = (
				E47A6D6C1D25FF8A008A8ACB /* Debug */,
				E47A6D6D1D25FF8A008A8ACB /* Release */,
			);
			defaultConfigurationIsVisible = 0;
			defaultConfigurationName = Release;
		};
		E47A6D6E1D25FF8A008A8ACB /* Build configuration list for PBXNativeTarget "NetWorkTest" */ = {
			isa = XCConfigurationList;
			buildConfigurations = (
				E47A6D6F1D25FF8A008A8ACB /* Debug */,
				E47A6D701D25FF8A008A8ACB /* Release */,
			);
			defaultConfigurationIsVisible = 0;
			defaultConfigurationName = Release;
		};
/* End XCConfigurationList section */
	};
	rootObject = E47A6D4F1D25FF8A008A8ACB /* Project object */;
}
